
Microsoft Visual Studio Solution File, Format Version 12.00
Project("{FAE04EC0-301F-11D3-BF4B-00C04F79EFBC}") = "Api", "Api\Api.csproj", "{2161CE4D-0CBC-4759-94D1-CCD9E7764D8A}"
EndProject
Project("{FAE04EC0-301F-11D3-BF4B-00C04F79EFBC}") = "Orders", "Orders\Orders.csproj", "{8D85E693-B176-4FC7-A3FE-47CEE9CA8D47}"
EndProject
Project("{FAE04EC0-301F-11D3-BF4B-00C04F79EFBC}") = "Saga", "Saga\Saga.csproj", "{8137484F-8FF7-4568-A8B8-8220A2748E5B}"
EndProject
Project("{FAE04EC0-301F-11D3-BF4B-00C04F79EFBC}") = "Payments", "Payments\Payments.csproj", "{01FCB08D-342A-4CAA-A077-3DD778B6039A}"
EndProject
Project("{FAE04EC0-301F-11D3-BF4B-00C04F79EFBC}") = "Contracts", "Contracts\Contracts.csproj", "{C74942F9-A78F-454D-97AA-1A5514E6719D}"
EndProject
Project("{2150E333-8FDC-42A3-9474-1A3956D46DE8}") = "Tests", "Tests", "{583F3CB9-058C-4A38-ADBC-50C52EE1E809}"
EndProject
Project("{FAE04EC0-301F-11D3-BF4B-00C04F79EFBC}") = "Tests", "Tests\Tests.csproj", "{006BD558-E133-4A21-8391-E62D1A41DC9F}"
EndProject
Project("{FAE04EC0-301F-11D3-BF4B-00C04F79EFBC}") = "Warehouse", "Warehouse\Warehouse.csproj", "{58BC6651-3B0F-4CAF-8044-F8DF71D35D41}"
EndProject
Project("{FAE04EC0-301F-11D3-BF4B-00C04F79EFBC}") = "Delivery", "Delivery\Delivery.csproj", "{419506A5-EF05-4891-B0EC-A9276C4833EE}"
EndProject
Project("{FAE04EC0-301F-11D3-BF4B-00C04F79EFBC}") = "Common", "Common\Common.csproj", "{6C759DCC-E96F-4D1A-A1DD-1F6AA621E873}"
EndProject
Global
	GlobalSection(SolutionConfigurationPlatforms) = preSolution
		Debug|Any CPU = Debug|Any CPU
		Release|Any CPU = Release|Any CPU
	EndGlobalSection
	GlobalSection(ProjectConfigurationPlatforms) = postSolution
		{2161CE4D-0CBC-4759-94D1-CCD9E7764D8A}.Debug|Any CPU.ActiveCfg = Debug|Any CPU
		{2161CE4D-0CBC-4759-94D1-CCD9E7764D8A}.Debug|Any CPU.Build.0 = Debug|Any CPU
		{2161CE4D-0CBC-4759-94D1-CCD9E7764D8A}.Release|Any CPU.ActiveCfg = Release|Any CPU
		{2161CE4D-0CBC-4759-94D1-CCD9E7764D8A}.Release|Any CPU.Build.0 = Release|Any CPU
		{8D85E693-B176-4FC7-A3FE-47CEE9CA8D47}.Debug|Any CPU.ActiveCfg = Debug|Any CPU
		{8D85E693-B176-4FC7-A3FE-47CEE9CA8D47}.Debug|Any CPU.Build.0 = Debug|Any CPU
		{8D85E693-B176-4FC7-A3FE-47CEE9CA8D47}.Release|Any CPU.ActiveCfg = Release|Any CPU
		{8D85E693-B176-4FC7-A3FE-47CEE9CA8D47}.Release|Any CPU.Build.0 = Release|Any CPU
		{8137484F-8FF7-4568-A8B8-8220A2748E5B}.Debug|Any CPU.ActiveCfg = Debug|Any CPU
		{8137484F-8FF7-4568-A8B8-8220A2748E5B}.Debug|Any CPU.Build.0 = Debug|Any CPU
		{8137484F-8FF7-4568-A8B8-8220A2748E5B}.Release|Any CPU.ActiveCfg = Release|Any CPU
		{8137484F-8FF7-4568-A8B8-8220A2748E5B}.Release|Any CPU.Build.0 = Release|Any CPU
		{01FCB08D-342A-4CAA-A077-3DD778B6039A}.Debug|Any CPU.ActiveCfg = Debug|Any CPU
		{01FCB08D-342A-4CAA-A077-3DD778B6039A}.Debug|Any CPU.Build.0 = Debug|Any CPU
		{01FCB08D-342A-4CAA-A077-3DD778B6039A}.Release|Any CPU.ActiveCfg = Release|Any CPU
		{01FCB08D-342A-4CAA-A077-3DD778B6039A}.Release|Any CPU.Build.0 = Release|Any CPU
		{C74942F9-A78F-454D-97AA-1A5514E6719D}.Debug|Any CPU.ActiveCfg = Debug|Any CPU
		{C74942F9-A78F-454D-97AA-1A5514E6719D}.Debug|Any CPU.Build.0 = Debug|Any CPU
		{C74942F9-A78F-454D-97AA-1A5514E6719D}.Release|Any CPU.ActiveCfg = Release|Any CPU
		{C74942F9-A78F-454D-97AA-1A5514E6719D}.Release|Any CPU.Build.0 = Release|Any CPU
		{006BD558-E133-4A21-8391-E62D1A41DC9F}.Debug|Any CPU.ActiveCfg = Debug|Any CPU
		{006BD558-E133-4A21-8391-E62D1A41DC9F}.Debug|Any CPU.Build.0 = Debug|Any CPU
		{006BD558-E133-4A21-8391-E62D1A41DC9F}.Release|Any CPU.ActiveCfg = Release|Any CPU
		{006BD558-E133-4A21-8391-E62D1A41DC9F}.Release|Any CPU.Build.0 = Release|Any CPU
		{58BC6651-3B0F-4CAF-8044-F8DF71D35D41}.Debug|Any CPU.ActiveCfg = Debug|Any CPU
		{58BC6651-3B0F-4CAF-8044-F8DF71D35D41}.Debug|Any CPU.Build.0 = Debug|Any CPU
		{58BC6651-3B0F-4CAF-8044-F8DF71D35D41}.Release|Any CPU.ActiveCfg = Release|Any CPU
		{58BC6651-3B0F-4CAF-8044-F8DF71D35D41}.Release|Any CPU.Build.0 = Release|Any CPU
		{419506A5-EF05-4891-B0EC-A9276C4833EE}.Debug|Any CPU.ActiveCfg = Debug|Any CPU
		{419506A5-EF05-4891-B0EC-A9276C4833EE}.Debug|Any CPU.Build.0 = Debug|Any CPU
		{419506A5-EF05-4891-B0EC-A9276C4833EE}.Release|Any CPU.ActiveCfg = Release|Any CPU
		{419506A5-EF05-4891-B0EC-A9276C4833EE}.Release|Any CPU.Build.0 = Release|Any CPU
		{6C759DCC-E96F-4D1A-A1DD-1F6AA621E873}.Debug|Any CPU.ActiveCfg = Debug|Any CPU
		{6C759DCC-E96F-4D1A-A1DD-1F6AA621E873}.Debug|Any CPU.Build.0 = Debug|Any CPU
		{6C759DCC-E96F-4D1A-A1DD-1F6AA621E873}.Release|Any CPU.ActiveCfg = Release|Any CPU
		{6C759DCC-E96F-4D1A-A1DD-1F6AA621E873}.Release|Any CPU.Build.0 = Release|Any CPU
	EndGlobalSection
	GlobalSection(NestedProjects) = preSolution
		{006BD558-E133-4A21-8391-E62D1A41DC9F} = {583F3CB9-058C-4A38-ADBC-50C52EE1E809}
	EndGlobalSection
EndGlobal
